{
  "name": "brave",
  "version": "1.87.162",
  "lockfileVersion": 3,
  "requires": true,
  "packages": {
    "": {
      "name": "brave",
      "version": "1.87.162",
      "license": "MPL-2.0",
      "dependencies": {
        "chalk": "5.6.2"
      },
      "engines": {
        "node": ">=24.11.1 <25.0.0",
        "npm": ">=11.6.2"
      }
    },
    "node_modules/chalk": {
      "version": "5.6.2",
      "resolved": "https://registry.npmjs.org/chalk/-/chalk-5.6.2.tgz",
      "integrity": "sha512-7NzBL0rN6fMUW+f7A6Io4h40qQlG+xGmtMxfbnH/K7TAtt8JQWVQK+6g0UXKMeVJoyV5EkkNsErQ8pVD3bLHbA==",
      "license": "MIT",
      "engines": {
        "node": "^12.17.0 || ^14.13 || >=16.0.0"
      },
      "funding": {
        "url": "https://github.com/chalk/chalk?sponsor=1"
      }
    }
  }
}
